
Microsoft Visual Studio Solution File, Format Version 12.00
# Visual Studio 15
VisualStudioVersion = 15.0.28307.136
MinimumVisualStudioVersion = 10.0.40219.1
Project("{FAE04EC0-301F-11D3-BF4B-00C04F79EFBC}") = "Burier.Console", "Burier.Console\Burier.Console.csproj", "{5830D60E-9960-4CBC-A6A5-5F54782473FB}"
EndProject
Global
	GlobalSection(SolutionConfigurationPlatforms) = preSolution
		Debug|Any CPU = Debug|Any CPU
		Release|Any CPU = Release|Any CPU
	EndGlobalSection
	GlobalSection(ProjectConfigurationPlatforms) = postSolution
		{5830D60E-9960-4CBC-A6A5-5F54782473FB}.Debug|Any CPU.ActiveCfg = Debug|Any CPU
		{5830D60E-9960-4CBC-A6A5-5F54782473FB}.Debug|Any CPU.Build.0 = Debug|Any CPU
		{5830D60E-9960-4CBC-A6A5-5F54782473FB}.Release|Any CPU.ActiveCfg = Release|Any CPU
		{5830D60E-9960-4CBC-A6A5-5F54782473FB}.Release|Any CPU.Build.0 = Release|Any CPU
	EndGlobalSection
	GlobalSection(SolutionProperties) = preSolution
		HideSolutionNode = FALSE
	EndGlobalSection
	GlobalSection(ExtensibilityGlobals) = postSolution
		SolutionGuid = {64C9628E-F37B-4E1D-82C9-E3485FD44104}
	EndGlobalSection
EndGlobal
